{
    "hash": "851b1de9a771df6394023c1085655fd6",
    "packages": [
        {
            "name": "mohiva/common",
            "version": "dev-master",
            "source": {
                "type": "git",
                "url": "git://github.com/mohiva/common.git",
                "reference": "1dbbacb162bcf83040e8021cd8934e7a78aab4cd"
            },
            "dist": {
                "type": "zip",
                "url": "https://github.com/mohiva/common/zipball/1dbbacb162bcf83040e8021cd8934e7a78aab4cd",
                "reference": "1dbbacb162bcf83040e8021cd8934e7a78aab4cd",
                "shasum": ""
            },
            "require": {
                "php": ">=5.4"
            },
            "type": "library",
            "installation-source": "source",
            "autoload": {
                "psr-0": {
                    "com\\mohiva\\common": "src/"
                }
            },
            "time": "1346336493"
        },
        {
            "name": "mohiva/manitou",
            "version": "dev-master",
            "source": {
                "type": "git",
                "url": "git://github.com/mohiva/manitou.git",
                "reference": "3725324fd8618511b676ead613b847b37e3e134e"
            },
            "dist": {
                "type": "zip",
                "url": "https://github.com/mohiva/manitou/zipball/3725324fd8618511b676ead613b847b37e3e134e",
                "reference": "3725324fd8618511b676ead613b847b37e3e134e",
                "shasum": ""
            },
            "require": {
                "php": ">=5.4",
                "mohiva/common": "dev-master"
            },
            "type": "library",
            "installation-source": "source",
            "autoload": {
                "psr-0": {
                    "com\\mohiva\\manitou": "src/"
                }
            },
            "license": [
                "New BSD"
            ],
            "authors": [
                {
                    "name": "Christian Kaps",
                    "email": "christian.kaps@mohiva.com",
                    "homepage": null,
                    "role": null
                }
            ],
            "description": "A code generator written in PHP",
            "homepage": "https://github.com/mohiva/manitou",
            "keywords": [
                "generator",
                "code"
            ],
            "time": "1341606837"
        },
        {
            "name": "mohiva/pyramid",
            "version": "dev-master",
            "source": {
                "type": "git",
                "url": "git://github.com/mohiva/pyramid.git",
                "reference": "0c9fedf7b0edb2b7715bcb05e6acaae1b3e95d9f"
            },
            "dist": {
                "type": "zip",
                "url": "https://github.com/mohiva/pyramid/zipball/0c9fedf7b0edb2b7715bcb05e6acaae1b3e95d9f",
                "reference": "0c9fedf7b0edb2b7715bcb05e6acaae1b3e95d9f",
                "shasum": ""
            },
            "require": {
                "php": ">=5.4",
                "mohiva/common": "dev-master"
            },
            "time": "1349533768",
            "type": "library",
            "installation-source": "source",
            "autoload": {
                "psr-0": {
                    "com\\mohiva\\pyramid": "src/"
                }
            },
            "license": [
                "New BSD"
            ],
            "authors": [
                {
                    "name": "Christian Kaps",
                    "email": "christian.kaps@mohiva.com"
                }
            ],
            "description": "An operator precedence parser based on the “Precedence climbing” algorithm",
            "homepage": "https://github.com/mohiva/pyramid",
            "keywords": [
                "parser",
                "precedence",
                "climbing",
                "operator"
            ]
        }
    ],
    "packages-dev": [
        {
            "name": "phake/phake",
            "version": "dev-master",
            "source": {
                "type": "git",
                "url": "git://github.com/mlively/Phake.git",
                "reference": "23b75dc6710e621ac23157b0890b588062043100"
            },
            "dist": {
                "type": "zip",
                "url": "https://github.com/mlively/Phake/zipball/23b75dc6710e621ac23157b0890b588062043100",
                "reference": "23b75dc6710e621ac23157b0890b588062043100",
                "shasum": ""
            },
            "require": {
                "php": ">=5.2.0"
            },
            "type": "library",
            "installation-source": "source",
            "autoload": {
                "classmap": [
                    "src"
                ]
            },
            "include-path": [
                "src"
            ],
            "time": "1344450214"
        }
    ],
    "aliases": [

    ],
    "minimum-stability": "dev",
    "stability-flags": {
        "mohiva/common": 20,
        "mohiva/manitou": 20,
        "mohiva/pyramid": 20,
        "phake/phake": 20
    }
}
